
Microsoft Visual Studio Solution File, Format Version 12.00
# Visual Studio Version 17
VisualStudioVersion = 17.5.33627.172
MinimumVisualStudioVersion = 10.0.40219.1
Project("{9A19103F-16F7-4668-BE54-9A1E7A4F7556}") = "PowerBIStreamManager.WPF", "PowerBIStreamManager.WPF\PowerBIStreamManager.WPF.csproj", "{CCC6CC14-351C-4AA0-B695-C4AAA29848E1}"
EndProject
Project("{9A19103F-16F7-4668-BE54-9A1E7A4F7556}") = "PowerBIStreamManager.UI", "PowerBIStreamManager.UI\PowerBIStreamManager.UI.csproj", "{5BC320B5-0F30-4C14-A098-ECCD2305C542}"
EndProject
Project("{9A19103F-16F7-4668-BE54-9A1E7A4F7556}") = "PowerBIStreamManager", "PowerBIStreamManager\PowerBIStreamManager.csproj", "{1364D269-3958-4606-8953-6D256F6B6930}"
EndProject
Project("{FAE04EC0-301F-11D3-BF4B-00C04F79EFBC}") = "PowerBIStreamManager.Console", "PowerBIStreamManager.Console\PowerBIStreamManager.Console.csproj", "{54BD141A-1931-4BE5-BAB7-8242979767CB}"
EndProject
Global
	GlobalSection(SolutionConfigurationPlatforms) = preSolution
		Debug|Any CPU = Debug|Any CPU
		Debug|ARM64 = Debug|ARM64
		Debug|x64 = Debug|x64
		Debug|x86 = Debug|x86
		Release|Any CPU = Release|Any CPU
		Release|ARM64 = Release|ARM64
		Release|x64 = Release|x64
		Release|x86 = Release|x86
	EndGlobalSection
	GlobalSection(ProjectConfigurationPlatforms) = postSolution
		{CCC6CC14-351C-4AA0-B695-C4AAA29848E1}.Debug|Any CPU.ActiveCfg = Debug|Any CPU
		{CCC6CC14-351C-4AA0-B695-C4AAA29848E1}.Debug|Any CPU.Build.0 = Debug|Any CPU
		{CCC6CC14-351C-4AA0-B695-C4AAA29848E1}.Debug|ARM64.ActiveCfg = Debug|Any CPU
		{CCC6CC14-351C-4AA0-B695-C4AAA29848E1}.Debug|ARM64.Build.0 = Debug|Any CPU
		{CCC6CC14-351C-4AA0-B695-C4AAA29848E1}.Debug|x64.ActiveCfg = Debug|Any CPU
		{CCC6CC14-351C-4AA0-B695-C4AAA29848E1}.Debug|x64.Build.0 = Debug|Any CPU
		{CCC6CC14-351C-4AA0-B695-C4AAA29848E1}.Debug|x86.ActiveCfg = Debug|Any CPU
		{CCC6CC14-351C-4AA0-B695-C4AAA29848E1}.Debug|x86.Build.0 = Debug|Any CPU
		{CCC6CC14-351C-4AA0-B695-C4AAA29848E1}.Release|Any CPU.ActiveCfg = Release|Any CPU
		{CCC6CC14-351C-4AA0-B695-C4AAA29848E1}.Release|Any CPU.Build.0 = Release|Any CPU
		{CCC6CC14-351C-4AA0-B695-C4AAA29848E1}.Release|ARM64.ActiveCfg = Release|Any CPU
		{CCC6CC14-351C-4AA0-B695-C4AAA29848E1}.Release|ARM64.Build.0 = Release|Any CPU
		{CCC6CC14-351C-4AA0-B695-C4AAA29848E1}.Release|x64.ActiveCfg = Release|Any CPU
		{CCC6CC14-351C-4AA0-B695-C4AAA29848E1}.Release|x64.Build.0 = Release|Any CPU
		{CCC6CC14-351C-4AA0-B695-C4AAA29848E1}.Release|x86.ActiveCfg = Release|Any CPU
		{CCC6CC14-351C-4AA0-B695-C4AAA29848E1}.Release|x86.Build.0 = Release|Any CPU
		{5BC320B5-0F30-4C14-A098-ECCD2305C542}.Debug|Any CPU.ActiveCfg = Debug|Any CPU
		{5BC320B5-0F30-4C14-A098-ECCD2305C542}.Debug|Any CPU.Build.0 = Debug|Any CPU
		{5BC320B5-0F30-4C14-A098-ECCD2305C542}.Debug|Any CPU.Deploy.0 = Debug|Any CPU
		{5BC320B5-0F30-4C14-A098-ECCD2305C542}.Debug|ARM64.ActiveCfg = Debug|Any CPU
		{5BC320B5-0F30-4C14-A098-ECCD2305C542}.Debug|ARM64.Build.0 = Debug|Any CPU
		{5BC320B5-0F30-4C14-A098-ECCD2305C542}.Debug|ARM64.Deploy.0 = Debug|Any CPU
		{5BC320B5-0F30-4C14-A098-ECCD2305C542}.Debug|x64.ActiveCfg = Debug|Any CPU
		{5BC320B5-0F30-4C14-A098-ECCD2305C542}.Debug|x64.Build.0 = Debug|Any CPU
		{5BC320B5-0F30-4C14-A098-ECCD2305C542}.Debug|x64.Deploy.0 = Debug|Any CPU
		{5BC320B5-0F30-4C14-A098-ECCD2305C542}.Debug|x86.ActiveCfg = Debug|Any CPU
		{5BC320B5-0F30-4C14-A098-ECCD2305C542}.Debug|x86.Build.0 = Debug|Any CPU
		{5BC320B5-0F30-4C14-A098-ECCD2305C542}.Debug|x86.Deploy.0 = Debug|Any CPU
		{5BC320B5-0F30-4C14-A098-ECCD2305C542}.Release|Any CPU.ActiveCfg = Release|Any CPU
		{5BC320B5-0F30-4C14-A098-ECCD2305C542}.Release|Any CPU.Build.0 = Release|Any CPU
		{5BC320B5-0F30-4C14-A098-ECCD2305C542}.Release|Any CPU.Deploy.0 = Release|Any CPU
		{5BC320B5-0F30-4C14-A098-ECCD2305C542}.Release|ARM64.ActiveCfg = Release|Any CPU
		{5BC320B5-0F30-4C14-A098-ECCD2305C542}.Release|ARM64.Build.0 = Release|Any CPU
		{5BC320B5-0F30-4C14-A098-ECCD2305C542}.Release|ARM64.Deploy.0 = Release|Any CPU
		{5BC320B5-0F30-4C14-A098-ECCD2305C542}.Release|x64.ActiveCfg = Release|Any CPU
		{5BC320B5-0F30-4C14-A098-ECCD2305C542}.Release|x64.Build.0 = Release|Any CPU
		{5BC320B5-0F30-4C14-A098-ECCD2305C542}.Release|x64.Deploy.0 = Release|Any CPU
		{5BC320B5-0F30-4C14-A098-ECCD2305C542}.Release|x86.ActiveCfg = Release|Any CPU
		{5BC320B5-0F30-4C14-A098-ECCD2305C542}.Release|x86.Build.0 = Release|Any CPU
		{5BC320B5-0F30-4C14-A098-ECCD2305C542}.Release|x86.Deploy.0 = Release|Any CPU
		{1364D269-3958-4606-8953-6D256F6B6930}.Debug|Any CPU.ActiveCfg = Debug|Any CPU
		{1364D269-3958-4606-8953-6D256F6B6930}.Debug|Any CPU.Build.0 = Debug|Any CPU
		{1364D269-3958-4606-8953-6D256F6B6930}.Debug|ARM64.ActiveCfg = Debug|Any CPU
		{1364D269-3958-4606-8953-6D256F6B6930}.Debug|ARM64.Build.0 = Debug|Any CPU
		{1364D269-3958-4606-8953-6D256F6B6930}.Debug|x64.ActiveCfg = Debug|Any CPU
		{1364D269-3958-4606-8953-6D256F6B6930}.Debug|x64.Build.0 = Debug|Any CPU
		{1364D269-3958-4606-8953-6D256F6B6930}.Debug|x86.ActiveCfg = Debug|Any CPU
		{1364D269-3958-4606-8953-6D256F6B6930}.Debug|x86.Build.0 = Debug|Any CPU
		{1364D269-3958-4606-8953-6D256F6B6930}.Release|Any CPU.ActiveCfg = Release|Any CPU
		{1364D269-3958-4606-8953-6D256F6B6930}.Release|Any CPU.Build.0 = Release|Any CPU
		{1364D269-3958-4606-8953-6D256F6B6930}.Release|ARM64.ActiveCfg = Release|Any CPU
		{1364D269-3958-4606-8953-6D256F6B6930}.Release|ARM64.Build.0 = Release|Any CPU
		{1364D269-3958-4606-8953-6D256F6B6930}.Release|x64.ActiveCfg = Release|Any CPU
		{1364D269-3958-4606-8953-6D256F6B6930}.Release|x64.Build.0 = Release|Any CPU
		{1364D269-3958-4606-8953-6D256F6B6930}.Release|x86.ActiveCfg = Release|Any CPU
		{1364D269-3958-4606-8953-6D256F6B6930}.Release|x86.Build.0 = Release|Any CPU
		{54BD141A-1931-4BE5-BAB7-8242979767CB}.Debug|Any CPU.ActiveCfg = Debug|Any CPU
		{54BD141A-1931-4BE5-BAB7-8242979767CB}.Debug|Any CPU.Build.0 = Debug|Any CPU
		{54BD141A-1931-4BE5-BAB7-8242979767CB}.Debug|ARM64.ActiveCfg = Debug|Any CPU
		{54BD141A-1931-4BE5-BAB7-8242979767CB}.Debug|ARM64.Build.0 = Debug|Any CPU
		{54BD141A-1931-4BE5-BAB7-8242979767CB}.Debug|x64.ActiveCfg = Debug|Any CPU
		{54BD141A-1931-4BE5-BAB7-8242979767CB}.Debug|x64.Build.0 = Debug|Any CPU
		{54BD141A-1931-4BE5-BAB7-8242979767CB}.Debug|x86.ActiveCfg = Debug|Any CPU
		{54BD141A-1931-4BE5-BAB7-8242979767CB}.Debug|x86.Build.0 = Debug|Any CPU
		{54BD141A-1931-4BE5-BAB7-8242979767CB}.Release|Any CPU.ActiveCfg = Release|Any CPU
		{54BD141A-1931-4BE5-BAB7-8242979767CB}.Release|Any CPU.Build.0 = Release|Any CPU
		{54BD141A-1931-4BE5-BAB7-8242979767CB}.Release|ARM64.ActiveCfg = Release|Any CPU
		{54BD141A-1931-4BE5-BAB7-8242979767CB}.Release|ARM64.Build.0 = Release|Any CPU
		{54BD141A-1931-4BE5-BAB7-8242979767CB}.Release|x64.ActiveCfg = Release|Any CPU
		{54BD141A-1931-4BE5-BAB7-8242979767CB}.Release|x64.Build.0 = Release|Any CPU
		{54BD141A-1931-4BE5-BAB7-8242979767CB}.Release|x86.ActiveCfg = Release|Any CPU
		{54BD141A-1931-4BE5-BAB7-8242979767CB}.Release|x86.Build.0 = Release|Any CPU
	EndGlobalSection
	GlobalSection(SolutionProperties) = preSolution
		HideSolutionNode = FALSE
	EndGlobalSection
	GlobalSection(ExtensibilityGlobals) = postSolution
		SolutionGuid = {01283A91-CC1F-454E-894A-84AE43765A69}
	EndGlobalSection
EndGlobal
